// !$*UTF8*$!
{
	archiveVersion = 1;
	classes = {
	};
	objectVersion = 46;
	objects = {

/* Begin PBXBuildFile section */
		45D4DFA81E303E7F0077A232 /* AppDelegate.swift in Sources */ = {isa = PBXBuildFile; fileRef = 45D4DFA71E303E7F0077A232 /* AppDelegate.swift */; };
		45D4DFAA1E303E7F0077A232 /* ViewController.swift in Sources */ = {isa = PBXBuildFile; fileRef = 45D4DFA91E303E7F0077A232 /* ViewController.swift */; };
		45D4DFAD1E303E7F0077A232 /* Main.storyboard in Resources */ = {isa = PBXBuildFile; fileRef = 45D4DFAB1E303E7F0077A232 /* Main.storyboard */; };
		45D4DFAF1E303E7F0077A232 /* Assets.xcassets in Resources */ = {isa = PBXBuildFile; fileRef = 45D4DFAE1E303E7F0077A232 /* Assets.xcassets */; };
		45D4DFB21E303E7F0077A232 /* LaunchScreen.storyboard in Resources */ = {isa = PBXBuildFile; fileRef = 45D4DFB01E303E7F0077A232 /* LaunchScreen.storyboard */; };
/* End PBXBuildFile section */

/* Begin PBXFileReference section */
		45D4DFA41E303E7F0077A232 /* KeyValueObserving_Blog.app */ = {isa = PBXFileReference; explicitFileType = wrapper.application; includeInIndex = 0; path = KeyValueObserving_Blog.app; sourceTree = BUILT_PRODUCTS_DIR; };
		45D4DFA71E303E7F0077A232 /* AppDelegate.swift */ = {isa = PBXFileReference; lastKnownFileType = sourcecode.swift; path = AppDelegate.swift; sourceTree = "<group>"; };
		45D4DFA91E303E7F0077A232 /* ViewController.swift */ = {isa = PBXFileReference; lastKnownFileType = sourcecode.swift; path = ViewController.swift; sourceTree = "<group>"; };
		45D4DFAC1E303E7F0077A232 /* Base */ = {isa = PBXFileReference; lastKnownFileType = file.storyboard; name = Base; path = Base.lproj/Main.storyboard; sourceTree = "<group>"; };
		45D4DFAE1E303E7F0077A232 /* Assets.xcassets */ = {isa = PBXFileReference; lastKnownFileType = folder.assetcatalog; path = Assets.xcassets; sourceTree = "<group>"; };
		45D4DFB11E303E7F0077A232 /* Base */ = {isa = PBXFileReference; lastKnownFileType = file.storyboard; name = Base; path = Base.lproj/LaunchScreen.storyboard; sourceTree = "<group>"; };
		45D4DFB31E303E7F0077A232 /* Info.plist */ = {isa = PBXFileReference; lastKnownFileType = text.plist.xml; path = Info.plist; sourceTree = "<group>"; };
/* End PBXFileReference section */

/* Begin PBXFrameworksBuildPhase section */
		45D4DFA11E303E7F0077A232 /* Frameworks */ = {
			isa = PBXFrameworksBuildPhase;
			buildActionMask = 2147483647;
			files = (
			);
			runOnlyForDeploymentPostprocessing = 0;
		};
/* End PBXFrameworksBuildPhase section */

/* Begin PBXGroup section */
		45D4DF9B1E303E7F0077A232 = {
			isa = PBXGroup;
			children = (
				45D4DFA61E303E7F0077A232 /* KeyValueObserving_Blog */,
				45D4DFA51E303E7F0077A232 /* Products */,
			);
			sourceTree = "<group>";
		};
		45D4DFA51E303E7F0077A232 /* Products */ = {
			isa = PBXGroup;
			children = (
				45D4DFA41E303E7F0077A232 /* KeyValueObserving_Blog.app */,
			);
			name = Products;
			sourceTree = "<group>";
		};
		45D4DFA61E303E7F0077A232 /* KeyValueObserving_Blog */ = {
			isa = PBXGroup;
			children = (
				45D4DFA71E303E7F0077A232 /* AppDelegate.swift */,
				45D4DFA91E303E7F0077A232 /* ViewController.swift */,
				45D4DFAB1E303E7F0077A232 /* Main.storyboard */,
				45D4DFAE1E303E7F0077A232 /* Assets.xcassets */,
				45D4DFB01E303E7F0077A232 /* LaunchScreen.storyboard */,
				45D4DFB31E303E7F0077A232 /* Info.plist */,
			);
			path = KeyValueObserving_Blog;
			sourceTree = "<group>";
		};
/* End PBXGroup section */

/* Begin PBXNativeTarget section */
		45D4DFA31E303E7F0077A232 /* KeyValueObserving_Blog */ = {
			isa = PBXNativeTarget;
			buildConfigurationList = 45D4DFB61E303E7F0077A232 /* Build configuration list for PBXNativeTarget "KeyValueObserving_Blog" */;
			buildPhases = (
				45D4DFA01E303E7F0077A232 /* Sources */,
				45D4DFA11E303E7F0077A232 /* Frameworks */,
				45D4DFA21E303E7F0077A232 /* Resources */,
			);
			buildRules = (
			);
			dependencies = (
			);
			name = KeyValueObserving_Blog;
			productName = KeyValueObserving_Blog;
			productReference = 45D4DFA41E303E7F0077A232 /* KeyValueObserving_Blog.app */;
			productType = "com.apple.product-type.application";
		};
/* End PBXNativeTarget section */

/* Begin PBXProject section */
		45D4DF9C1E303E7F0077A232 /* Project object */ = {
			isa = PBXProject;
			attributes = {
				LastSwiftUpdateCheck = 0820;
				LastUpgradeCheck = 0820;
				ORGANIZATIONNAME = "Erica Millado";
				TargetAttributes = {
					45D4DFA31E303E7F0077A232 = {
						CreatedOnToolsVersion = 8.2.1;
						DevelopmentTeam = ZG53357D46;
						ProvisioningStyle = Automatic;
					};
				};
			};
			buildConfigurationList = 45D4DF9F1E303E7F0077A232 /* Build configuration list for PBXProject "KeyValueObserving_Blog" */;
			compatibilityVersion = "Xcode 3.2";
			developmentRegion = English;
			hasScannedForEncodings = 0;
			knownRegions = (
				en,
				Base,
			);
			mainGroup = 45D4DF9B1E303E7F0077A232;
			productRefGroup = 45D4DFA51E303E7F0077A232 /* Products */;
			projectDirPath = "";
			projectRoot = "";
			targets = (
				45D4DFA31E303E7F0077A232 /* KeyValueObserving_Blog */,
			);
		};
/* End PBXProject section */

/* Begin PBXResourcesBuildPhase section */
		45D4DFA21E303E7F0077A232 /* Resources */ = {
			isa = PBXResourcesBuildPhase;
			buildActionMask = 2147483647;
			files = (
				45D4DFB21E303E7F0077A232 /* LaunchScreen.storyboard in Resources */,
				45D4DFAF1E303E7F0077A232 /* Assets.xcassets in Resources */,
				45D4DFAD1E303E7F0077A232 /* Main.storyboard in Resources */,
			);
			runOnlyForDeploymentPostprocessing = 0;
		};
/* End PBXResourcesBuildPhase section */

/* Begin PBXSourcesBuildPhase section */
		45D4DFA01E303E7F0077A232 /* Sources */ = {
			isa = PBXSourcesBuildPhase;
			buildActionMask = 2147483647;
			files = (
				45D4DFAA1E303E7F0077A232 /* ViewController.swift in Sources */,
				45D4DFA81E303E7F0077A232 /* AppDelegate.swift in Sources */,
			);
			runOnlyForDeploymentPostprocessing = 0;
		};
/* End PBXSourcesBuildPhase section */

/* Begin PBXVariantGroup section */
		45D4DFAB1E303E7F0077A232 /* Main.storyboard */ = {
			isa = PBXVariantGroup;
			children = (
				45D4DFAC1E303E7F0077A232 /* Base */,
			);
			name = Main.storyboard;
			sourceTree = "<group>";
		};
		45D4DFB01E303E7F0077A232 /* LaunchScreen.storyboard */ = {
			isa = PBXVariantGroup;
			children = (
				45D4DFB11E303E7F0077A232 /* Base */,
			);
			name = LaunchScreen.storyboard;
			sourceTree = "<group>";
		};
/* End PBXVariantGroup section */

/* Begin XCBuildConfiguration section */
		45D4DFB41E303E7F0077A232 /* Debug */ = {
			isa = XCBuildConfiguration;
			buildSettings = {
				ALWAYS_SEARCH_USER_PATHS = NO;
				CLANG_ANALYZER_NONNULL = YES;
				CLANG_CXX_LANGUAGE_STANDARD = "gnu++0x";
				CLANG_CXX_LIBRARY = "libc++";
				CLANG_ENABLE_MODULES = YES;
				CLANG_ENABLE_OBJC_ARC = YES;
				CLANG_WARN_BOOL_CONVERSION = YES;
				CLANG_WARN_CONSTANT_CONVERSION = YES;
				CLANG_WARN_DIRECT_OBJC_ISA_USAGE = YES_ERROR;
				CLANG_WARN_DOCUMENTATION_COMMENTS = YES;
				CLANG_WARN_EMPTY_BODY = YES;
				CLANG_WARN_ENUM_CONVERSION = YES;
				CLANG_WARN_INFINITE_RECURSION = YES;
				CLANG_WARN_INT_CONVERSION = YES;
				CLANG_WARN_OBJC_ROOT_CLASS = YES_ERROR;
				CLANG_WARN_SUSPICIOUS_MOVE = YES;
				CLANG_WARN_UNREACHABLE_CODE = YES;
				CLANG_WARN__DUPLICATE_METHOD_MATCH = YES;
				"CODE_SIGN_IDENTITY[sdk=iphoneos*]" = "iPhone Developer";
				COPY_PHASE_STRIP = NO;
				DEBUG_INFORMATION_FORMAT = dwarf;
				ENABLE_STRICT_OBJC_MSGSEND = YES;
				ENABLE_TESTABILITY = YES;
				GCC_C_LANGUAGE_STANDARD = gnu99;
				GCC_DYNAMIC_NO_PIC = NO;
				GCC_NO_COMMON_BLOCKS = YES;
				GCC_OPTIMIZATION_LEVEL = 0;
				GCC_PREPROCESSOR_DEFINITIONS = (
					"DEBUG=1",
					"$(inherited)",
				);
				GCC_WARN_64_TO_32_BIT_CONVERSION = YES;
				GCC_WARN_ABOUT_RETURN_TYPE = YES_ERROR;
				GCC_WARN_UNDECLARED_SELECTOR = YES;
				GCC_WARN_UNINITIALIZED_AUTOS = YES_AGGRESSIVE;
				GCC_WARN_UNUSED_FUNCTION = YES;
				GCC_WARN_UNUSED_VARIABLE = YES;
				IPHONEOS_DEPLOYMENT_TARGET = 10.2;
				MTL_ENABLE_DEBUG_INFO = YES;
				ONLY_ACTIVE_ARCH = YES;
				SDKROOT = iphoneos;
				SWIFT_ACTIVE_COMPILATION_CONDITIONS = DEBUG;
				SWIFT_OPTIMIZATION_LEVEL = "-Onone";
				TARGETED_DEVICE_FAMILY = "1,2";
			};
			name = Debug;
		};
		45D4DFB51E303E7F0077A232 /* Release */ = {
			isa = XCBuildConfiguration;
			buildSettings = {
				ALWAYS_SEARCH_USER_PATHS = NO;
				CLANG_ANALYZER_NONNULL = YES;
				CLANG_CXX_LANGUAGE_STANDARD = "gnu++0x";
				CLANG_CXX_LIBRARY = "libc++";
				CLANG_ENABLE_MODULES = YES;
				CLANG_ENABLE_OBJC_ARC = YES;
				CLANG_WARN_BOOL_CONVERSION = YES;
				CLANG_WARN_CONSTANT_CONVERSION = YES;
				CLANG_WARN_DIRECT_OBJC_ISA_USAGE = YES_ERROR;
				CLANG_WARN_DOCUMENTATION_COMMENTS = YES;
				CLANG_WARN_EMPTY_BODY = YES;
				CLANG_WARN_ENUM_CONVERSION = YES;
				CLANG_WARN_INFINITE_RECURSION = YES;
				CLANG_WARN_INT_CONVERSION = YES;
				CLANG_WARN_OBJC_ROOT_CLASS = YES_ERROR;
				CLANG_WARN_SUSPICIOUS_MOVE = YES;
				CLANG_WARN_UNREACHABLE_CODE = YES;
				CLANG_WARN__DUPLICATE_METHOD_MATCH = YES;
				"CODE_SIGN_IDENTITY[sdk=iphoneos*]" = "iPhone Developer";
				COPY_PHASE_STRIP = NO;
				DEBUG_INFORMATION_FORMAT = "dwarf-with-dsym";
				ENABLE_NS_ASSERTIONS = NO;
				ENABLE_STRICT_OBJC_MSGSEND = YES;
				GCC_C_LANGUAGE_STANDARD = gnu99;
				GCC_NO_COMMON_BLOCKS = YES;
				GCC_WARN_64_TO_32_BIT_CONVERSION = YES;
				GCC_WARN_ABOUT_RETURN_TYPE = YES_ERROR;
				GCC_WARN_UNDECLARED_SELECTOR = YES;
				GCC_WARN_UNINITIALIZED_AUTOS = YES_AGGRESSIVE;
				GCC_WARN_UNUSED_FUNCTION = YES;
				GCC_WARN_UNUSED_VARIABLE = YES;
				IPHONEOS_DEPLOYMENT_TARGET = 10.2;
				MTL_ENABLE_DEBUG_INFO = NO;
				SDKROOT = iphoneos;
				SWIFT_OPTIMIZATION_LEVEL = "-Owholemodule";
				TARGETED_DEVICE_FAMILY = "1,2";
				VALIDATE_PRODUCT = YES;
			};
			name = Release;
		};
		45D4DFB71E303E7F0077A232 /* Debug */ = {
			isa = XCBuildConfiguration;
			buildSettings = {
				ASSETCATALOG_COMPILER_APPICON_NAME = AppIcon;
				DEVELOPMENT_TEAM = ZG53357D46;
				INFOPLIST_FILE = KeyValueObserving_Blog/Info.plist;
				LD_RUNPATH_SEARCH_PATHS = "$(inherited) @executable_path/Frameworks";
				PRODUCT_BUNDLE_IDENTIFIER = "com.yayitserica.KeyValueObserving-Blog";
				PRODUCT_NAME = "$(TARGET_NAME)";
				SWIFT_VERSION = 3.0;
			};
			name = Debug;
		};
		45D4DFB81E303E7F0077A232 /* Release */ = {
			isa = XCBuildConfiguration;
			buildSettings = {
				ASSETCATALOG_COMPILER_APPICON_NAME = AppIcon;
				DEVELOPMENT_TEAM = ZG53357D46;
				INFOPLIST_FILE = KeyValueObserving_Blog/Info.plist;
				LD_RUNPATH_SEARCH_PATHS = "$(inherited) @executable_path/Frameworks";
				PRODUCT_BUNDLE_IDENTIFIER = "com.yayitserica.KeyValueObserving-Blog";
				PRODUCT_NAME = "$(TARGET_NAME)";
				SWIFT_VERSION = 3.0;
			};
			name = Release;
		};
/* End XCBuildConfiguration section */

/* Begin XCConfigurationList section */
		45D4DF9F1E303E7F0077A232 /* Build configuration list for PBXProject "KeyValueObserving_Blog" */ = {
			isa = XCConfigurationList;
			buildConfigurations = (
				45D4DFB41E303E7F0077A232 /* Debug */,
				45D4DFB51E303E7F0077A232 /* Release */,
			);
			defaultConfigurationIsVisible = 0;
			defaultConfigurationName = Release;
		};
		45D4DFB61E303E7F0077A232 /* Build configuration list for PBXNativeTarget "KeyValueObserving_Blog" */ = {
			isa = XCConfigurationList;
			buildConfigurations = (
				45D4DFB71E303E7F0077A232 /* Debug */,
				45D4DFB81E303E7F0077A232 /* Release */,
			);
			defaultConfigurationIsVisible = 0;
		};
/* End XCConfigurationList section */
	};
	rootObject = 45D4DF9C1E303E7F0077A232 /* Project object */;
}
